<Solution>
  <Configurations>
    <BuildType Name="Debug" />
    <BuildType Name="Release" />
  </Configurations>
  <Folder Name="/Solution Items/">
    <File Path="global.json" />
    <File Path="Directory.Build.props" />
    <File Path="README.md" />
  </Folder>
  <!-- ETABS MCP: a standalone bridge desktop app (attaches to the running ETABS over COM through the managed
       ETABSv1.dll wrapper; nothing loads into ETABS.exe) and the stdio server exe the host AI launches.
       Shared engine, always referenced by relative path, never copied:
         ../McpShared/HPRebar.Mcp.Contracts
         ../McpShared/HPRebar.McpBridge.Core
         ../McpShared/HPRebar.Mcp.Server.Core -->
  <Project Path="HPEtabs.McpBridge/HPEtabs.McpBridge.csproj" />
  <Project Path="HPEtabs.McpBridge.Tests/HPEtabs.McpBridge.Tests.csproj" />
  <Project Path="HPEtabs.Mcp.Server/HPEtabs.Mcp.Server.csproj" />
  <Project Path="HPEtabs.Mcp.Server.Tests/HPEtabs.Mcp.Server.Tests.csproj" />
  <Folder Name="/Shared/">
    <Project Path="../McpShared/HPRebar.Mcp.Contracts/HPRebar.Mcp.Contracts.csproj" />
    <Project Path="../McpShared/HPRebar.McpBridge.Core/HPRebar.McpBridge.Core.csproj" />
    <Project Path="../McpShared/HPRebar.Mcp.Server.Core/HPRebar.Mcp.Server.Core.csproj" />
  </Folder>
</Solution>
