<Solution>
  <Configurations>
    <BuildType Name="Debug" />
    <BuildType Name="Release" />
  </Configurations>
  <Folder Name="/Solution Items/">
    <File Path="global.json" />
    <File Path="README.md" />
  </Folder>
  <!-- AutoCAD MCP: the bridge (loader + isolated bridge) that runs inside acad.exe and the stdio server exe the
       host AI launches. Shared engine, always referenced by relative path, never copied:
         ../McpShared/HPRebar.Mcp.Contracts
         ../McpShared/HPRebar.McpBridge.Core
         ../McpShared/HPRebar.Mcp.Server.Core -->
  <Project Path="HPAutoCad.Core/HPAutoCad.Core.csproj" />
  <Project Path="HPAutoCad/HPAutoCad.csproj" />
  <Project Path="HPAutoCad.Loader/HPAutoCad.Loader.csproj" />
  <Project Path="HPAutoCad.TileFetch/HPAutoCad.TileFetch.csproj" />
  <Project Path="HPAutoCad.Tests/HPAutoCad.Tests.csproj" />
  <Project Path="HPAutoCad.McpBridge.Loader/HPAutoCad.McpBridge.Loader.csproj" />
  <Project Path="HPAutoCad.Aec/HPAutoCad.Aec.csproj" />
  <Project Path="HPAutoCad.Aec.Tests/HPAutoCad.Aec.Tests.csproj" />
  <Project Path="HPAutoCad.McpBridge/HPAutoCad.McpBridge.csproj" />
  <Project Path="HPAutoCad.Mcp.Server/HPAutoCad.Mcp.Server.csproj" />
  <Project Path="HPAutoCad.Mcp.Server.Tests/HPAutoCad.Mcp.Server.Tests.csproj" />
  <Folder Name="/Install/">
    <Project Path="install/Installer.csproj">
      <Build Project="false" />
    </Project>
  </Folder>
  <Folder Name="/Shared/">
    <Project Path="../McpShared/HPRebar.Mcp.Contracts/HPRebar.Mcp.Contracts.csproj" />
    <Project Path="../McpShared/HPRebar.McpBridge.Core/HPRebar.McpBridge.Core.csproj" />
    <Project Path="../McpShared/HPRebar.Mcp.Server.Core/HPRebar.Mcp.Server.Core.csproj" />
  </Folder>
</Solution>
